{
    "name": "@redblobgames/mapgen2",
    "version": "1.0.0",
    "lockfileVersion": 1,
    "requires": true,
    "dependencies": {
        "@redblobgames/triangle-mesh": {
            "version": "file:../triangle-mesh",
            "dependencies": {
                "balanced-match": {
                    "version": "1.0.0",
                    "bundled": true
                },
                "brace-expansion": {
                    "version": "1.1.8",
                    "bundled": true,
                    "requires": {
                        "balanced-match": "1.0.0",
                        "concat-map": "0.0.1"
                    }
                },
                "concat-map": {
                    "version": "0.0.1",
                    "bundled": true
                },
                "deep-equal": {
                    "version": "1.0.1",
                    "bundled": true
                },
                "define-properties": {
                    "version": "1.1.2",
                    "bundled": true,
                    "requires": {
                        "foreach": "2.0.5",
                        "object-keys": "1.0.11"
                    }
                },
                "defined": {
                    "version": "1.0.0",
                    "bundled": true
                },
                "delaunator": {
                    "version": "1.0.3",
                    "bundled": true
                },
                "es-abstract": {
                    "version": "1.7.0",
                    "bundled": true,
                    "requires": {
                        "es-to-primitive": "1.1.1",
                        "function-bind": "1.1.0",
                        "is-callable": "1.1.3",
                        "is-regex": "1.0.4"
                    }
                },
                "es-to-primitive": {
                    "version": "1.1.1",
                    "bundled": true,
                    "requires": {
                        "is-callable": "1.1.3",
                        "is-date-object": "1.0.1",
                        "is-symbol": "1.0.1"
                    }
                },
                "for-each": {
                    "version": "0.3.2",
                    "bundled": true,
                    "requires": {
                        "is-function": "1.0.1"
                    }
                },
                "foreach": {
                    "version": "2.0.5",
                    "bundled": true
                },
                "fs.realpath": {
                    "version": "1.0.0",
                    "bundled": true
                },
                "function-bind": {
                    "version": "1.1.0",
                    "bundled": true
                },
                "glob": {
                    "version": "7.1.2",
                    "bundled": true,
                    "requires": {
                        "fs.realpath": "1.0.0",
                        "inflight": "1.0.6",
                        "inherits": "2.0.3",
                        "minimatch": "3.0.4",
                        "once": "1.4.0",
                        "path-is-absolute": "1.0.1"
                    }
                },
                "has": {
                    "version": "1.0.1",
                    "bundled": true,
                    "requires": {
                        "function-bind": "1.1.0"
                    }
                },
                "inflight": {
                    "version": "1.0.6",
                    "bundled": true,
                    "requires": {
                        "once": "1.4.0",
                        "wrappy": "1.0.2"
                    }
                },
                "inherits": {
                    "version": "2.0.3",
                    "bundled": true
                },
                "iota-array": {
                    "version": "1.0.0",
                    "bundled": true
                },
                "is-buffer": {
                    "version": "1.1.5",
                    "bundled": true
                },
                "is-callable": {
                    "version": "1.1.3",
                    "bundled": true
                },
                "is-date-object": {
                    "version": "1.0.1",
                    "bundled": true
                },
                "is-function": {
                    "version": "1.0.1",
                    "bundled": true
                },
                "is-regex": {
                    "version": "1.0.4",
                    "bundled": true,
                    "requires": {
                        "has": "1.0.1"
                    }
                },
                "is-symbol": {
                    "version": "1.0.1",
                    "bundled": true
                },
                "minimatch": {
                    "version": "3.0.4",
                    "bundled": true,
                    "requires": {
                        "brace-expansion": "1.1.8"
                    }
                },
                "minimist": {
                    "version": "1.2.0",
                    "bundled": true
                },
                "moore": {
                    "version": "0.0.2",
                    "bundled": true
                },
                "ndarray": {
                    "version": "1.0.18",
                    "bundled": true,
                    "requires": {
                        "iota-array": "1.0.0",
                        "is-buffer": "1.1.5"
                    }
                },
                "object-inspect": {
                    "version": "1.3.0",
                    "bundled": true
                },
                "object-keys": {
                    "version": "1.0.11",
                    "bundled": true
                },
                "once": {
                    "version": "1.4.0",
                    "bundled": true,
                    "requires": {
                        "wrappy": "1.0.2"
                    }
                },
                "path-is-absolute": {
                    "version": "1.0.1",
                    "bundled": true
                },
                "path-parse": {
                    "version": "1.0.5",
                    "bundled": true
                },
                "poisson-disk-sampling": {
                    "version": "1.0.1",
                    "bundled": true,
                    "requires": {
                        "moore": "0.0.2",
                        "zeros": "1.0.0"
                    }
                },
                "resolve": {
                    "version": "1.4.0",
                    "bundled": true,
                    "requires": {
                        "path-parse": "1.0.5"
                    }
                },
                "resumer": {
                    "version": "0.0.0",
                    "bundled": true,
                    "requires": {
                        "through": "2.3.8"
                    }
                },
                "string.prototype.trim": {
                    "version": "1.1.2",
                    "bundled": true,
                    "requires": {
                        "define-properties": "1.1.2",
                        "es-abstract": "1.7.0",
                        "function-bind": "1.1.0"
                    }
                },
                "tape": {
                    "version": "4.8.0",
                    "bundled": true,
                    "requires": {
                        "deep-equal": "1.0.1",
                        "defined": "1.0.0",
                        "for-each": "0.3.2",
                        "function-bind": "1.1.0",
                        "glob": "7.1.2",
                        "has": "1.0.1",
                        "inherits": "2.0.3",
                        "minimist": "1.2.0",
                        "object-inspect": "1.3.0",
                        "resolve": "1.4.0",
                        "resumer": "0.0.0",
                        "string.prototype.trim": "1.1.2",
                        "through": "2.3.8"
                    }
                },
                "through": {
                    "version": "2.3.8",
                    "bundled": true
                },
                "wrappy": {
                    "version": "1.0.2",
                    "bundled": true
                },
                "zeros": {
                    "version": "1.0.0",
                    "bundled": true,
                    "requires": {
                        "ndarray": "1.0.18"
                    }
                }
            }
        },
        "delaunator": {
            "version": "1.0.3",
            "resolved": "https://registry.npmjs.org/delaunator/-/delaunator-1.0.3.tgz",
            "integrity": "sha1-Y81gwtMrBDaZ5k5EtYWSS3osoZg="
        },
        "iota-array": {
            "version": "1.0.0",
            "resolved": "https://registry.npmjs.org/iota-array/-/iota-array-1.0.0.tgz",
            "integrity": "sha1-ge9X/l0FgUzVjCSDYyqZwwoOgIc="
        },
        "is-buffer": {
            "version": "1.1.5",
            "resolved": "https://registry.npmjs.org/is-buffer/-/is-buffer-1.1.5.tgz",
            "integrity": "sha1-Hzsm72E7IUuIy8ojzGwB2Hlh7sw="
        },
        "moore": {
            "version": "0.0.2",
            "resolved": "https://registry.npmjs.org/moore/-/moore-0.0.2.tgz",
            "integrity": "sha1-yHLnyz79N6osU4aIYCME4+506Kc="
        },
        "ndarray": {
            "version": "1.0.18",
            "resolved": "https://registry.npmjs.org/ndarray/-/ndarray-1.0.18.tgz",
            "integrity": "sha1-tg06cyJOxVXQ+qeXEeUCRI/T95M=",
            "requires": {
                "iota-array": "1.0.0",
                "is-buffer": "1.1.5"
            }
        },
        "poisson-disk-sampling": {
            "version": "1.0.1",
            "resolved": "https://registry.npmjs.org/poisson-disk-sampling/-/poisson-disk-sampling-1.0.1.tgz",
            "integrity": "sha1-DmW1ld+/N/I48yOyFXuj2SNaF1s=",
            "requires": {
                "moore": "0.0.2",
                "zeros": "1.0.0"
            }
        },
        "zeros": {
            "version": "1.0.0",
            "resolved": "https://registry.npmjs.org/zeros/-/zeros-1.0.0.tgz",
            "integrity": "sha1-ZOLYPA2o0yKqTLiCSXsxt9wzpUA=",
            "requires": {
                "ndarray": "1.0.18"
            }
        }
    }
}
