# THIS IS AN AUTOGENERATED FILE. DO NOT EDIT THIS FILE DIRECTLY.
# yarn lockfile v1


"@redblobgames/dual-mesh@file:../../../../Projects/redblobgames/1735-dual-mesh":
  version "2.0.0"
  dependencies:
    delaunator "^2.0.0"

"@redblobgames/prng@file:../../../../Projects/redblobgames/1742-prng":
  version "1.0.0"
  dependencies:
    hash-int "*"

"@types/browserify@*":
  version "12.0.34"
  resolved "https://registry.yarnpkg.com/@types/browserify/-/browserify-12.0.34.tgz#6320dce5c76020c60f4be94e802f90c2a4733123"
  integrity sha512-F5oi2K08sPMXAvK1sELM9t/6Cm2aKVa/xbckynqeVpVdIW9k1x2LtkcYg72ExAes67Nyjk5DBOuc/X+6D8yyaA==
  dependencies:
    "@types/insert-module-globals" "*"
    "@types/node" "*"

"@types/insert-module-globals@*":
  version "7.0.0"
  resolved "https://registry.yarnpkg.com/@types/insert-module-globals/-/insert-module-globals-7.0.0.tgz#8d158de4a6384e8daa13b3d63eebab6d5f67777d"
  integrity sha512-zudCJPwluh1VUDB6Gl/OQdRp+fYy3+47huJB/JMQubMS2p+sH18MCVK4WUz3FqaWLB12yh5ELxVR/+tqwlm/qA==
  dependencies:
    "@types/node" "*"

"@types/node@*":
  version "10.10.3"
  resolved "https://registry.yarnpkg.com/@types/node/-/node-10.10.3.tgz#09c75a4ad84d6a3d286790bdd9489a4f8ee9906c"
  integrity sha512-dWk7F3b0m6uDLHero7tsnpAi9r2RGPQHGbb0/VCv7DPJRMFtk3RonY1/29vfJKnheRMBa7+uF+vunlg/mBGlxg==

balanced-match@^1.0.0:
  version "1.0.0"
  resolved "https://registry.yarnpkg.com/balanced-match/-/balanced-match-1.0.0.tgz#89b4d199ab2bee49de164ea02b89ce462d71b767"
  integrity sha1-ibTRmasr7kneFk6gK4nORi1xt2c=

brace-expansion@^1.1.7:
  version "1.1.11"
  resolved "https://registry.yarnpkg.com/brace-expansion/-/brace-expansion-1.1.11.tgz#3c7fcbf529d87226f3d2f52b966ff5271eb441dd"
  integrity sha512-iCuPHDFgrHX7H2vEI/5xpz07zSHB00TpugqhmYtVmMO6518mCuRMoOYFldEBl0g187ufozdaHgWKcYFb61qGiA==
  dependencies:
    balanced-match "^1.0.0"
    concat-map "0.0.1"

buffer-from@^1.0.0:
  version "1.1.1"
  resolved "https://registry.yarnpkg.com/buffer-from/-/buffer-from-1.1.1.tgz#32713bc028f75c02fdb710d7c7bcec1f2c6070ef"
  integrity sha512-MQcXEUbCKtEo7bhqEs6560Hyd4XaovZlO/k9V3hjVUF/zwW7KBVdSK4gIt/bzwS9MbR5qob+F5jusZsb0YQK2A==

commander@~2.17.1:
  version "2.17.1"
  resolved "https://registry.yarnpkg.com/commander/-/commander-2.17.1.tgz#bd77ab7de6de94205ceacc72f1716d29f20a77bf"
  integrity sha512-wPMUt6FnH2yzG95SA6mzjQOEKUU3aLaDEmzs1ti+1E9h+CsrZghRlqEM/EJ4KscsQVG8uNN4uVreUeT8+drlgg==

concat-map@0.0.1:
  version "0.0.1"
  resolved "https://registry.yarnpkg.com/concat-map/-/concat-map-0.0.1.tgz#d8a96bd77fd68df7793a73036a3ba0d5405d477b"
  integrity sha1-2Klr13/Wjfd5OnMDajug1UBdR3s=

convert-source-map@~1.1.0:
  version "1.1.3"
  resolved "https://registry.yarnpkg.com/convert-source-map/-/convert-source-map-1.1.3.tgz#4829c877e9fe49b3161f3bf3673888e204699860"
  integrity sha1-SCnId+n+SbMWHzvzZziI4gRpmGA=

delaunator@^2.0.0:
  version "2.0.3"
  resolved "https://registry.yarnpkg.com/delaunator/-/delaunator-2.0.3.tgz#315676e628519ff7c8a8537259f3018a67437388"
  integrity sha512-jHi7rPdAk9AqKFj+AZBchYgckSlVANdY8OMxhPmS24pRDFsJWuNoRyPxvPxOwaS6DWhy4/OOCthiuQmXI3QtKQ==

extend@^1.2.1:
  version "1.3.0"
  resolved "https://registry.yarnpkg.com/extend/-/extend-1.3.0.tgz#d1516fb0ff5624d2ebf9123ea1dac5a1994004f8"
  integrity sha1-0VFvsP9WJNLr+RI+odrFoZlABPg=

flatqueue@*:
  version "1.0.0"
  resolved "https://registry.yarnpkg.com/flatqueue/-/flatqueue-1.0.0.tgz#1ecc76cef823733da17c8db366423d6a32b158a4"
  integrity sha512-sqaR28rVmVdl+RdwiIqo6cEjrsjwUBTceNMkOqsYaFDP5AmACa0ROXHCbThYphPxCoM4RdDfRid/pJuifwRPWw==

gl-matrix@*:
  version "2.8.1"
  resolved "https://registry.yarnpkg.com/gl-matrix/-/gl-matrix-2.8.1.tgz#1c7873448eac61d2cd25803a074e837bd42581a3"
  integrity sha512-0YCjVpE3pS5XWlN3J4X7AiAx65+nqAI54LndtVFnQZB6G/FVLkZH8y8V6R3cIoOQR4pUdfwQGd1iwyoXHJ4Qfw==

hash-int@*:
  version "1.0.0"
  resolved "https://registry.yarnpkg.com/hash-int/-/hash-int-1.0.0.tgz#28cae10f5a651ed65d5680ccc0d08005cf372a0d"
  integrity sha1-KMrhD1plHtZdVoDMwNCABc83Kg0=

iota-array@^1.0.0:
  version "1.0.0"
  resolved "https://registry.yarnpkg.com/iota-array/-/iota-array-1.0.0.tgz#81ef57fe5d05814cd58c2483632a99c30a0e8087"
  integrity sha1-ge9X/l0FgUzVjCSDYyqZwwoOgIc=

is-buffer@^1.0.2:
  version "1.1.6"
  resolved "https://registry.yarnpkg.com/is-buffer/-/is-buffer-1.1.6.tgz#efaa2ea9daa0d7ab2ea13a97b2b8ad51fefbe8be"
  integrity sha512-NcdALwpXkTm5Zvvbk7owOUSvVvBKDgKP5/ewfXEznmQFfs4ZRmanOeKBTjRVjka3QFoN6XJ+9F3USqfHqTaU5w==

minimatch@^3.0.2:
  version "3.0.4"
  resolved "https://registry.yarnpkg.com/minimatch/-/minimatch-3.0.4.tgz#5166e286457f03306064be5497e8dbb0c3d32083"
  integrity sha512-yJHVQEhyqPLUTgt9B83PXu6W3rx4MvvHvSUvToogpwoGDOUQ+yDrR0HRot+yOCdCO7u4hX3pWft6kWBBcqh0UA==
  dependencies:
    brace-expansion "^1.1.7"

moore@~1.0.0:
  version "1.0.0"
  resolved "https://registry.yarnpkg.com/moore/-/moore-1.0.0.tgz#1d2b298c32cfd330db0fe81a0b5bac319fd9eb65"
  integrity sha1-HSspjDLP0zDbD+gaC1usMZ/Z62U=

ndarray@^1.0.16:
  version "1.0.18"
  resolved "https://registry.yarnpkg.com/ndarray/-/ndarray-1.0.18.tgz#b60d3a73224ec555d0faa79711e502448fd3f793"
  integrity sha1-tg06cyJOxVXQ+qeXEeUCRI/T95M=
  dependencies:
    iota-array "^1.0.0"
    is-buffer "^1.0.2"

poisson-disk-sampling@*:
  version "1.0.2"
  resolved "https://registry.yarnpkg.com/poisson-disk-sampling/-/poisson-disk-sampling-1.0.2.tgz#f5b2b1b286f988d6bd4f0018591bcf770d77eb3c"
  integrity sha512-ZNl8I5kctHsBGwQ9NixpBhZU1HmZjXL195mQc8UOOh5mlC+ibcyTppq/Cj0Xfqmc4+kh/RUvTIQWKUVir7ESFQ==
  dependencies:
    moore "~1.0.0"
    zeros "~1.0.0"

regl@*:
  version "1.3.7"
  resolved "https://registry.yarnpkg.com/regl/-/regl-1.3.7.tgz#0742755dead1aa230f08b79b98baea1048a2b80a"
  integrity sha512-Uf005fU6C+VsYomGEOtDhpn6aiisljsJEG6CoGTgNnV5W28hDNDR3Xw9scAkx9X1JoZ/otYODztVWZpQNyJWcA==

simplex-noise@*:
  version "2.4.0"
  resolved "https://registry.yarnpkg.com/simplex-noise/-/simplex-noise-2.4.0.tgz#81b3458fb22dccc3bc8dd9a977c73797f86f523a"
  integrity sha512-OjyDWm/QZjVbMrPxDVi9b2as+SeNn9EBXlrWVRlFW+TSyWMSXouDryXkQN0vf5YP+QZKobrmkvx1eQYPLtuqfw==

source-map-support@~0.5.6:
  version "0.5.9"
  resolved "https://registry.yarnpkg.com/source-map-support/-/source-map-support-0.5.9.tgz#41bc953b2534267ea2d605bccfa7bfa3111ced5f"
  integrity sha512-gR6Rw4MvUlYy83vP0vxoVNzM6t8MUXqNuRsuBmBHQDu1Fh6X015FrLdgoDKcNdkwGubozq0P4N0Q37UyFVr1EA==
  dependencies:
    buffer-from "^1.0.0"
    source-map "^0.6.0"

source-map@^0.6.0, source-map@~0.6.1:
  version "0.6.1"
  resolved "https://registry.yarnpkg.com/source-map/-/source-map-0.6.1.tgz#74722af32e9614e9c287a8d0bbde48b5e2f1a263"
  integrity sha512-UjgapumWlbMhkBgzT7Ykc5YXUT46F0iKu8SGXq0bcwP5dz/h0Plj6enJqjz1Zbq2l5WaqYnrVbwWOWMyF3F47g==

terser@^3.7.5:
  version "3.8.2"
  resolved "https://registry.yarnpkg.com/terser/-/terser-3.8.2.tgz#48b880f949f8d038aca4dfd00a37c53d96ecf9fb"
  integrity sha512-FGSBXiBJe2TSXy6pWwXpY0YcEWEK35UKL64BBbxX3aHqM4Nj0RMqXvqBuoSGfyd80t8MKQ5JwYm5jRRGTSEFNg==
  dependencies:
    commander "~2.17.1"
    source-map "~0.6.1"
    source-map-support "~0.5.6"

through@~2.3.4:
  version "2.3.8"
  resolved "https://registry.yarnpkg.com/through/-/through-2.3.8.tgz#0dd4c9ffaabc357960b1b724115d7e0e86a2e1f5"
  integrity sha1-DdTJ/6q8NXlgsbckEV1+Doai4fU=

uglifyify@*:
  version "5.0.1"
  resolved "https://registry.yarnpkg.com/uglifyify/-/uglifyify-5.0.1.tgz#70b1d8b413c410348c8e35e7f8bd1330a422d5f6"
  integrity sha512-PO44rgExvwj3rkK0UzenHVnPU18drBy9x9HOUmgkuRh6K2KIsDqrB5LqxGtjybgGTOS1JeP8SBc+TN5rhiva6w==
  dependencies:
    convert-source-map "~1.1.0"
    extend "^1.2.1"
    minimatch "^3.0.2"
    terser "^3.7.5"
    through "~2.3.4"

webworkify@*:
  version "1.5.0"
  resolved "https://registry.yarnpkg.com/webworkify/-/webworkify-1.5.0.tgz#734ad87a774de6ebdd546e1d3e027da5b8f4a42c"
  integrity sha512-AMcUeyXAhbACL8S2hqqdqOLqvJ8ylmIbNwUIqQujRSouf4+eUFaXbG6F1Rbu+srlJMmxQWsiU7mOJi0nMBfM1g==

zeros@~1.0.0:
  version "1.0.0"
  resolved "https://registry.yarnpkg.com/zeros/-/zeros-1.0.0.tgz#64e2d83c0da8d322aa4cb882497b31b7dc33a540"
  integrity sha1-ZOLYPA2o0yKqTLiCSXsxt9wzpUA=
  dependencies:
    ndarray "^1.0.16"
