# THIS IS AN AUTOGENERATED FILE. DO NOT EDIT THIS FILE DIRECTLY.
# yarn lockfile v1


"@redblobgames/dual-mesh@https://github.com/redblobgames/dual-mesh":
  version "2.1.1"
  resolved "https://github.com/redblobgames/dual-mesh#640a94d3b0885bb365b4fdc86ba86203343854b8"
  dependencies:
    delaunator "^4.0.0"

"@redblobgames/prng@https://github.com/redblobgames/prng":
  version "1.0.0"
  resolved "https://github.com/redblobgames/prng#1104cf92f9824d71cf631eeeedd5866e9b62ea9f"
  dependencies:
    hash-int "*"

delaunator@^4.0.0:
  version "4.0.1"
  resolved "https://registry.yarnpkg.com/delaunator/-/delaunator-4.0.1.tgz#3d779687f57919a7a418f8ab947d3bddb6846957"
  integrity sha512-WNPWi1IRKZfCt/qIDMfERkDp93+iZEmOxN2yy4Jg+Xhv8SLk2UTqqbe1sfiipn0and9QrE914/ihdx82Y/Giag==

flatqueue@^1:
  version "1.2.1"
  resolved "https://registry.yarnpkg.com/flatqueue/-/flatqueue-1.2.1.tgz#82f501758fc5925742fbeb478637230456157ef2"
  integrity sha512-X86TpWS1rGuY7m382HuA9vngLeDuWA9lJvhEG+GfgKMV5onSvx5a71cl7GMbXzhWtlN9dGfqOBrpfqeOtUfGYQ==

gl-matrix@^3:
  version "3.3.0"
  resolved "https://registry.yarnpkg.com/gl-matrix/-/gl-matrix-3.3.0.tgz#232eef60b1c8b30a28cbbe75b2caf6c48fd6358b"
  integrity sha512-COb7LDz+SXaHtl/h4LeaFcNdJdAQSDeVqjiIihSXNrkWObZLhDI4hIkZC11Aeqp7bcE72clzB0BnDXr2SmslRA==

hash-int@*:
  version "1.0.0"
  resolved "https://registry.yarnpkg.com/hash-int/-/hash-int-1.0.0.tgz#28cae10f5a651ed65d5680ccc0d08005cf372a0d"
  integrity sha1-KMrhD1plHtZdVoDMwNCABc83Kg0=

moore@~1.0.0:
  version "1.0.0"
  resolved "https://registry.yarnpkg.com/moore/-/moore-1.0.0.tgz#1d2b298c32cfd330db0fe81a0b5bac319fd9eb65"
  integrity sha1-HSspjDLP0zDbD+gaC1usMZ/Z62U=

poisson-disk-sampling@^1:
  version "1.0.6"
  resolved "https://registry.yarnpkg.com/poisson-disk-sampling/-/poisson-disk-sampling-1.0.6.tgz#793e649d6bb638456627134039eafdbb344fb21d"
  integrity sha512-gg4AzGuULT0F8VkpWF/9IbtwctphWECuhqK5aCDW58MtFccc8i64J88Vs/ZeZa9DD0ITpmKdVZxbRt408hunbQ==
  dependencies:
    moore "~1.0.0"

regl@^1:
  version "1.6.1"
  resolved "https://registry.yarnpkg.com/regl/-/regl-1.6.1.tgz#6930172cda9b8fb65724abc0d4930d79333f5460"
  integrity sha512-7Z9rmpEqmLNwC9kCYCyfyu47eWZaQWeNpwZfwz99QueXN8B/Ow40DB0N+OeUeM/yu9pZAB01+JgJ+XghGveVoA==

simplex-noise@^2:
  version "2.4.0"
  resolved "https://registry.yarnpkg.com/simplex-noise/-/simplex-noise-2.4.0.tgz#81b3458fb22dccc3bc8dd9a977c73797f86f523a"
  integrity sha512-OjyDWm/QZjVbMrPxDVi9b2as+SeNn9EBXlrWVRlFW+TSyWMSXouDryXkQN0vf5YP+QZKobrmkvx1eQYPLtuqfw==
