# THIS IS AN AUTOGENERATED FILE. DO NOT EDIT THIS FILE DIRECTLY.
# yarn lockfile v1


"@redblobgames/dual-mesh@file:../../../../Projects/redblobgames/1735-dual-mesh":
  version "2.0.0"
  dependencies:
    delaunator "^2.0.0"

"@redblobgames/prng@file:../../../../Projects/redblobgames/1742-prng":
  version "1.0.0"
  dependencies:
    hash-int "*"

balanced-match@^1.0.0:
  version "1.0.0"
  resolved "https://registry.yarnpkg.com/balanced-match/-/balanced-match-1.0.0.tgz#89b4d199ab2bee49de164ea02b89ce462d71b767"

brace-expansion@^1.1.7:
  version "1.1.11"
  resolved "https://registry.yarnpkg.com/brace-expansion/-/brace-expansion-1.1.11.tgz#3c7fcbf529d87226f3d2f52b966ff5271eb441dd"
  dependencies:
    balanced-match "^1.0.0"
    concat-map "0.0.1"

buffer-from@^1.0.0:
  version "1.1.1"
  resolved "https://registry.yarnpkg.com/buffer-from/-/buffer-from-1.1.1.tgz#32713bc028f75c02fdb710d7c7bcec1f2c6070ef"

commander@~2.17.1:
  version "2.17.1"
  resolved "https://registry.yarnpkg.com/commander/-/commander-2.17.1.tgz#bd77ab7de6de94205ceacc72f1716d29f20a77bf"

concat-map@0.0.1:
  version "0.0.1"
  resolved "https://registry.yarnpkg.com/concat-map/-/concat-map-0.0.1.tgz#d8a96bd77fd68df7793a73036a3ba0d5405d477b"

convert-source-map@~1.1.0:
  version "1.1.3"
  resolved "https://registry.yarnpkg.com/convert-source-map/-/convert-source-map-1.1.3.tgz#4829c877e9fe49b3161f3bf3673888e204699860"

delaunator@^2.0.0:
  version "2.0.3"
  resolved "https://registry.yarnpkg.com/delaunator/-/delaunator-2.0.3.tgz#315676e628519ff7c8a8537259f3018a67437388"

extend@^1.2.1:
  version "1.3.0"
  resolved "https://registry.yarnpkg.com/extend/-/extend-1.3.0.tgz#d1516fb0ff5624d2ebf9123ea1dac5a1994004f8"

flatqueue@*:
  version "1.0.0"
  resolved "https://registry.yarnpkg.com/flatqueue/-/flatqueue-1.0.0.tgz#1ecc76cef823733da17c8db366423d6a32b158a4"

gl-matrix@*:
  version "2.8.1"
  resolved "https://registry.yarnpkg.com/gl-matrix/-/gl-matrix-2.8.1.tgz#1c7873448eac61d2cd25803a074e837bd42581a3"

hash-int@*:
  version "1.0.0"
  resolved "https://registry.yarnpkg.com/hash-int/-/hash-int-1.0.0.tgz#28cae10f5a651ed65d5680ccc0d08005cf372a0d"

minimatch@^3.0.2:
  version "3.0.4"
  resolved "https://registry.yarnpkg.com/minimatch/-/minimatch-3.0.4.tgz#5166e286457f03306064be5497e8dbb0c3d32083"
  dependencies:
    brace-expansion "^1.1.7"

regl@*:
  version "1.3.7"
  resolved "https://registry.yarnpkg.com/regl/-/regl-1.3.7.tgz#0742755dead1aa230f08b79b98baea1048a2b80a"

simplex-noise@*:
  version "2.4.0"
  resolved "https://registry.yarnpkg.com/simplex-noise/-/simplex-noise-2.4.0.tgz#81b3458fb22dccc3bc8dd9a977c73797f86f523a"

source-map-support@~0.5.6:
  version "0.5.9"
  resolved "https://registry.yarnpkg.com/source-map-support/-/source-map-support-0.5.9.tgz#41bc953b2534267ea2d605bccfa7bfa3111ced5f"
  dependencies:
    buffer-from "^1.0.0"
    source-map "^0.6.0"

source-map@^0.6.0, source-map@~0.6.1:
  version "0.6.1"
  resolved "https://registry.yarnpkg.com/source-map/-/source-map-0.6.1.tgz#74722af32e9614e9c287a8d0bbde48b5e2f1a263"

terser@^3.7.5:
  version "3.8.2"
  resolved "https://registry.yarnpkg.com/terser/-/terser-3.8.2.tgz#48b880f949f8d038aca4dfd00a37c53d96ecf9fb"
  dependencies:
    commander "~2.17.1"
    source-map "~0.6.1"
    source-map-support "~0.5.6"

through@~2.3.4:
  version "2.3.8"
  resolved "https://registry.yarnpkg.com/through/-/through-2.3.8.tgz#0dd4c9ffaabc357960b1b724115d7e0e86a2e1f5"

uglifyify@*:
  version "5.0.1"
  resolved "https://registry.yarnpkg.com/uglifyify/-/uglifyify-5.0.1.tgz#70b1d8b413c410348c8e35e7f8bd1330a422d5f6"
  dependencies:
    convert-source-map "~1.1.0"
    extend "^1.2.1"
    minimatch "^3.0.2"
    terser "^3.7.5"
    through "~2.3.4"

webworkify@*:
  version "1.5.0"
  resolved "https://registry.yarnpkg.com/webworkify/-/webworkify-1.5.0.tgz#734ad87a774de6ebdd546e1d3e027da5b8f4a42c"
