# THIS IS AN AUTOGENERATED FILE. DO NOT EDIT THIS FILE DIRECTLY.
# yarn lockfile v1


delaunator@^5.0.0:
  version "5.0.0"
  resolved "https://registry.yarnpkg.com/delaunator/-/delaunator-5.0.0.tgz#60f052b28bd91c9b4566850ebf7756efe821d81b"
  integrity sha512-AyLvtyJdbv/U1GkiS6gUUzclRoAY4Gs75qkMygJJhU75LW4DNuSF2RMzpxs9jw9Oz1BobHjTdkG3zdP55VxAqw==
  dependencies:
    robust-predicates "^3.0.0"

moore@~1.0.0:
  version "1.0.0"
  resolved "https://registry.yarnpkg.com/moore/-/moore-1.0.0.tgz#1d2b298c32cfd330db0fe81a0b5bac319fd9eb65"
  integrity sha1-HSspjDLP0zDbD+gaC1usMZ/Z62U=

poisson-disk-sampling@^2:
  version "2.2.2"
  resolved "https://registry.yarnpkg.com/poisson-disk-sampling/-/poisson-disk-sampling-2.2.2.tgz#d326f6be7e1704e1d54e6a024bd44a3fb33120e5"
  integrity sha512-N+P2Tydw9leBaTyOwKQv12sgLGkvsZTfa6pHRD8QlbdzFN5gJ0ByzkQrwwKr3W2bxenWgktf9hb4m/RqQ+id4Q==
  dependencies:
    moore "~1.0.0"

robust-predicates@^3.0.0:
  version "3.0.1"
  resolved "https://registry.yarnpkg.com/robust-predicates/-/robust-predicates-3.0.1.tgz#ecde075044f7f30118682bd9fb3f123109577f9a"
  integrity sha512-ndEIpszUHiG4HtDsQLeIuMvRsDnn8c8rYStabochtUeCvfuvNptb5TUbVD68LRAILPX7p9nqQGh4xJgn3EHS/g==
